
Microsoft Visual Studio Solution File, Format Version 12.00
# Visual Studio Version 16
VisualStudioVersion = 16.0.30804.86
MinimumVisualStudioVersion = 10.0.40219.1
Project("{FAE04EC0-301F-11D3-BF4B-00C04F79EFBC}") = "SingletonExample", "SingletonExample.csproj", "{0265B5EB-F05A-4AD1-B24E-851E5927C892}"
EndProject
Global
	GlobalSection(SolutionConfigurationPlatforms) = preSolution
		Debug|Any CPU = Debug|Any CPU
		Release|Any CPU = Release|Any CPU
	EndGlobalSection
	GlobalSection(ProjectConfigurationPlatforms) = postSolution
		{0265B5EB-F05A-4AD1-B24E-851E5927C892}.Debug|Any CPU.ActiveCfg = Debug|Any CPU
		{0265B5EB-F05A-4AD1-B24E-851E5927C892}.Debug|Any CPU.Build.0 = Debug|Any CPU
		{0265B5EB-F05A-4AD1-B24E-851E5927C892}.Release|Any CPU.ActiveCfg = Release|Any CPU
		{0265B5EB-F05A-4AD1-B24E-851E5927C892}.Release|Any CPU.Build.0 = Release|Any CPU
	EndGlobalSection
	GlobalSection(SolutionProperties) = preSolution
		HideSolutionNode = FALSE
	EndGlobalSection
	GlobalSection(ExtensibilityGlobals) = postSolution
		SolutionGuid = {D12668A0-D5A2-4150-B850-B30DF2C82A7D}
	EndGlobalSection
EndGlobal
